
Microsoft Visual Studio Solution File, Format Version 12.00
# Visual Studio 2013
VisualStudioVersion = 12.0.30110.0
MinimumVisualStudioVersion = 10.0.40219.1
Project("{2150E333-8FDC-42A3-9474-1A3956D46DE8}") = "Quartz", "Quartz", "{D6F0C794-0216-457E-9C7B-C00F5DAC2E26}"
EndProject
Project("{FAE04EC0-301F-11D3-BF4B-00C04F79EFBC}") = "Urge.Test", "Urge.Test\Urge.Test.csproj", "{C3CF96B7-1943-4002-B8B8-63911BEDFD2F}"
EndProject
Project("{2150E333-8FDC-42A3-9474-1A3956D46DE8}") = "Urge", "Urge", "{3D5575DE-FE07-4A79-9D04-F7BC22493FD9}"
EndProject
Project("{FAE04EC0-301F-11D3-BF4B-00C04F79EFBC}") = "Quartz", "Quartz\Quartz\Quartz.csproj", "{D92A408B-D59C-4F1F-BA60-BF640040DFCD}"
EndProject
Project("{FAE04EC0-301F-11D3-BF4B-00C04F79EFBC}") = "Urge.Job", "Urge\Urge.Job\Urge.Job.csproj", "{051A73C4-7409-45BB-9225-6BB6C64B4EA0}"
EndProject
Project("{FAE04EC0-301F-11D3-BF4B-00C04F79EFBC}") = "Urge.Core", "Urge\Urge.Core\Urge.Core.csproj", "{6AEC53FD-1858-41D6-BAD6-D1304CB66AC1}"
EndProject
Project("{FAE04EC0-301F-11D3-BF4B-00C04F79EFBC}") = "Urge.JobTest", "Urge.JobTest\Urge.JobTest.csproj", "{02A45334-372D-4C23-A918-3453278EE459}"
EndProject
Project("{2150E333-8FDC-42A3-9474-1A3956D46DE8}") = "Urge.APP", "Urge.APP", "{E8508B57-A58E-4F72-865E-D16A629A8CA2}"
EndProject
Project("{FAE04EC0-301F-11D3-BF4B-00C04F79EFBC}") = "Urge.Service", "Urge.APP\Urge.Service\Urge.Service.csproj", "{9FD4DD3B-AE71-4E37-A407-B9904D5F1986}"
EndProject
Project("{FAE04EC0-301F-11D3-BF4B-00C04F79EFBC}") = "Urge.ListenerTest", "Urge.ListenerTest\Urge.ListenerTest.csproj", "{A0E5AD14-D92D-41C6-9949-93B31F77BB3D}"
EndProject
Global
	GlobalSection(SolutionConfigurationPlatforms) = preSolution
		Debug|Any CPU = Debug|Any CPU
		Release|Any CPU = Release|Any CPU
	EndGlobalSection
	GlobalSection(ProjectConfigurationPlatforms) = postSolution
		{C3CF96B7-1943-4002-B8B8-63911BEDFD2F}.Debug|Any CPU.ActiveCfg = Debug|Any CPU
		{C3CF96B7-1943-4002-B8B8-63911BEDFD2F}.Debug|Any CPU.Build.0 = Debug|Any CPU
		{C3CF96B7-1943-4002-B8B8-63911BEDFD2F}.Release|Any CPU.ActiveCfg = Release|Any CPU
		{C3CF96B7-1943-4002-B8B8-63911BEDFD2F}.Release|Any CPU.Build.0 = Release|Any CPU
		{D92A408B-D59C-4F1F-BA60-BF640040DFCD}.Debug|Any CPU.ActiveCfg = Debug|Any CPU
		{D92A408B-D59C-4F1F-BA60-BF640040DFCD}.Debug|Any CPU.Build.0 = Debug|Any CPU
		{D92A408B-D59C-4F1F-BA60-BF640040DFCD}.Release|Any CPU.ActiveCfg = Release|Any CPU
		{D92A408B-D59C-4F1F-BA60-BF640040DFCD}.Release|Any CPU.Build.0 = Release|Any CPU
		{051A73C4-7409-45BB-9225-6BB6C64B4EA0}.Debug|Any CPU.ActiveCfg = Debug|Any CPU
		{051A73C4-7409-45BB-9225-6BB6C64B4EA0}.Debug|Any CPU.Build.0 = Debug|Any CPU
		{051A73C4-7409-45BB-9225-6BB6C64B4EA0}.Release|Any CPU.ActiveCfg = Release|Any CPU
		{051A73C4-7409-45BB-9225-6BB6C64B4EA0}.Release|Any CPU.Build.0 = Release|Any CPU
		{6AEC53FD-1858-41D6-BAD6-D1304CB66AC1}.Debug|Any CPU.ActiveCfg = Debug|Any CPU
		{6AEC53FD-1858-41D6-BAD6-D1304CB66AC1}.Debug|Any CPU.Build.0 = Debug|Any CPU
		{6AEC53FD-1858-41D6-BAD6-D1304CB66AC1}.Release|Any CPU.ActiveCfg = Release|Any CPU
		{6AEC53FD-1858-41D6-BAD6-D1304CB66AC1}.Release|Any CPU.Build.0 = Release|Any CPU
		{02A45334-372D-4C23-A918-3453278EE459}.Debug|Any CPU.ActiveCfg = Debug|Any CPU
		{02A45334-372D-4C23-A918-3453278EE459}.Debug|Any CPU.Build.0 = Debug|Any CPU
		{02A45334-372D-4C23-A918-3453278EE459}.Release|Any CPU.ActiveCfg = Release|Any CPU
		{02A45334-372D-4C23-A918-3453278EE459}.Release|Any CPU.Build.0 = Release|Any CPU
		{9FD4DD3B-AE71-4E37-A407-B9904D5F1986}.Debug|Any CPU.ActiveCfg = Debug|Any CPU
		{9FD4DD3B-AE71-4E37-A407-B9904D5F1986}.Debug|Any CPU.Build.0 = Debug|Any CPU
		{9FD4DD3B-AE71-4E37-A407-B9904D5F1986}.Release|Any CPU.ActiveCfg = Release|Any CPU
		{9FD4DD3B-AE71-4E37-A407-B9904D5F1986}.Release|Any CPU.Build.0 = Release|Any CPU
		{A0E5AD14-D92D-41C6-9949-93B31F77BB3D}.Debug|Any CPU.ActiveCfg = Debug|Any CPU
		{A0E5AD14-D92D-41C6-9949-93B31F77BB3D}.Debug|Any CPU.Build.0 = Debug|Any CPU
		{A0E5AD14-D92D-41C6-9949-93B31F77BB3D}.Release|Any CPU.ActiveCfg = Release|Any CPU
		{A0E5AD14-D92D-41C6-9949-93B31F77BB3D}.Release|Any CPU.Build.0 = Release|Any CPU
	EndGlobalSection
	GlobalSection(SolutionProperties) = preSolution
		HideSolutionNode = FALSE
	EndGlobalSection
	GlobalSection(NestedProjects) = preSolution
		{D92A408B-D59C-4F1F-BA60-BF640040DFCD} = {D6F0C794-0216-457E-9C7B-C00F5DAC2E26}
		{051A73C4-7409-45BB-9225-6BB6C64B4EA0} = {3D5575DE-FE07-4A79-9D04-F7BC22493FD9}
		{6AEC53FD-1858-41D6-BAD6-D1304CB66AC1} = {3D5575DE-FE07-4A79-9D04-F7BC22493FD9}
		{9FD4DD3B-AE71-4E37-A407-B9904D5F1986} = {E8508B57-A58E-4F72-865E-D16A629A8CA2}
	EndGlobalSection
EndGlobal
